
Microsoft Visual Studio Solution File, Format Version 12.00
# Visual Studio Version 16
VisualStudioVersion = 16.0.30011.22
MinimumVisualStudioVersion = 10.0.40219.1
Project("{FAE04EC0-301F-11D3-BF4B-00C04F79EFBC}") = "DemoPlayer", "DemoPlayer\DemoPlayer.csproj", "{0B4FA378-50A7-4C34-937D-503D088B351E}"
EndProject
Global
	GlobalSection(SolutionConfigurationPlatforms) = preSolution
		Debug|Any CPU = Debug|Any CPU
		Release|Any CPU = Release|Any CPU
	EndGlobalSection
	GlobalSection(ProjectConfigurationPlatforms) = postSolution
		{0B4FA378-50A7-4C34-937D-503D088B351E}.Debug|Any CPU.ActiveCfg = Debug|Any CPU
		{0B4FA378-50A7-4C34-937D-503D088B351E}.Debug|Any CPU.Build.0 = Debug|Any CPU
		{0B4FA378-50A7-4C34-937D-503D088B351E}.Release|Any CPU.ActiveCfg = Release|Any CPU
		{0B4FA378-50A7-4C34-937D-503D088B351E}.Release|Any CPU.Build.0 = Release|Any CPU
	EndGlobalSection
	GlobalSection(SolutionProperties) = preSolution
		HideSolutionNode = FALSE
	EndGlobalSection
	GlobalSection(ExtensibilityGlobals) = postSolution
		SolutionGuid = {3347850D-87FA-412E-8B6B-2EF6C1F8F138}
	EndGlobalSection
EndGlobal
