
Microsoft Visual Studio Solution File, Format Version 12.00
# Visual Studio 15
VisualStudioVersion = 15.0.28307.1062
MinimumVisualStudioVersion = 10.0.40219.1
Project("{FAE04EC0-301F-11D3-BF4B-00C04F79EFBC}") = "STEGANOGRAFIA", "STEGANOGRAFIA\STEGANOGRAFIA.csproj", "{99C6CE48-339F-4337-ADF6-C300ED06B8EF}"
EndProject
Global
	GlobalSection(SolutionConfigurationPlatforms) = preSolution
		Debug|Any CPU = Debug|Any CPU
		Release|Any CPU = Release|Any CPU
	EndGlobalSection
	GlobalSection(ProjectConfigurationPlatforms) = postSolution
		{99C6CE48-339F-4337-ADF6-C300ED06B8EF}.Debug|Any CPU.ActiveCfg = Debug|Any CPU
		{99C6CE48-339F-4337-ADF6-C300ED06B8EF}.Debug|Any CPU.Build.0 = Debug|Any CPU
		{99C6CE48-339F-4337-ADF6-C300ED06B8EF}.Release|Any CPU.ActiveCfg = Release|Any CPU
		{99C6CE48-339F-4337-ADF6-C300ED06B8EF}.Release|Any CPU.Build.0 = Release|Any CPU
	EndGlobalSection
	GlobalSection(SolutionProperties) = preSolution
		HideSolutionNode = FALSE
	EndGlobalSection
	GlobalSection(ExtensibilityGlobals) = postSolution
		SolutionGuid = {43B1390A-CA36-4DCE-9624-0EA77C7DF2EC}
	EndGlobalSection
EndGlobal
